{
  "name": "chargy",
  "version": "1.0.0",
  "lockfileVersion": 3,
  "requires": true,
  "packages": {
    "": {
      "name": "chargy",
      "version": "1.0.0",
      "license": "MIT",
      "dependencies": {
        "jsmf-core": "^0.11.0"
      }
    },
    "node_modules/jsmf-core": {
      "version": "0.11.0",
      "resolved": "https://registry.npmjs.org/jsmf-core/-/jsmf-core-0.11.0.tgz",
      "integrity": "sha512-qQEGLY/nzntJVGNbSTZxc7LRhptvN3KeVmEvozOJDtR7DtZkJRxMy/9P2bcZJ05jI+HUhNkNH0/px6jUi2iWGA==",
      "dependencies": {
        "lodash": "^4.15.0",
        "uuid": "^2.0.3"
      }
    },
    "node_modules/lodash": {
      "version": "4.17.21",
      "resolved": "https://registry.npmjs.org/lodash/-/lodash-4.17.21.tgz",
      "integrity": "sha512-v2kDEe57lecTulaDIuNTPy3Ry4gLGJ6Z1O3vE1krgXZNrsQ+LFTGHVxVjcXPs17LhbZVGedAJv8XZ1tvj5FvSg=="
    },
    "node_modules/uuid": {
      "version": "2.0.3",
      "resolved": "https://registry.npmjs.org/uuid/-/uuid-2.0.3.tgz",
      "integrity": "sha512-FULf7fayPdpASncVy4DLh3xydlXEJJpvIELjYjNeQWYUZ9pclcpvCZSr2gkmN2FrrGcI7G/cJsIEwk5/8vfXpg==",
      "deprecated": "Please upgrade  to version 7 or higher.  Older versions may use Math.random() in certain circumstances, which is known to be problematic.  See https://v8.dev/blog/math-random for details."
    }
  }
}
